
Microsoft Visual Studio Solution File, Format Version 12.00
# Visual Studio Version 16
VisualStudioVersion = 16.0.29201.188
MinimumVisualStudioVersion = 10.0.40219.1
Project("{FAE04EC0-301F-11D3-BF4B-00C04F79EFBC}") = "Hw_10", "Hw_10\Hw_10.csproj", "{B0ABAA66-D0DC-484E-BC68-40007FB33BF4}"
EndProject
Project("{FAE04EC0-301F-11D3-BF4B-00C04F79EFBC}") = "CatTests", "CatTests\CatTests.csproj", "{C3EC5D3D-8933-4406-BE27-CC093726A1A0}"
EndProject
Project("{FAE04EC0-301F-11D3-BF4B-00C04F79EFBC}") = "Ex_2", "VAT_Calculator\Ex_2.csproj", "{55402F6B-B306-4E16-95A9-3A4B2AED7FC2}"
EndProject
Project("{FAE04EC0-301F-11D3-BF4B-00C04F79EFBC}") = "VAT_Tests", "VAT_Tests\VAT_Tests.csproj", "{2A950F50-6E74-4345-8A4A-221D7549EE1F}"
EndProject
Global
	GlobalSection(SolutionConfigurationPlatforms) = preSolution
		Debug|Any CPU = Debug|Any CPU
		Release|Any CPU = Release|Any CPU
	EndGlobalSection
	GlobalSection(ProjectConfigurationPlatforms) = postSolution
		{B0ABAA66-D0DC-484E-BC68-40007FB33BF4}.Debug|Any CPU.ActiveCfg = Debug|Any CPU
		{B0ABAA66-D0DC-484E-BC68-40007FB33BF4}.Debug|Any CPU.Build.0 = Debug|Any CPU
		{B0ABAA66-D0DC-484E-BC68-40007FB33BF4}.Release|Any CPU.ActiveCfg = Release|Any CPU
		{B0ABAA66-D0DC-484E-BC68-40007FB33BF4}.Release|Any CPU.Build.0 = Release|Any CPU
		{C3EC5D3D-8933-4406-BE27-CC093726A1A0}.Debug|Any CPU.ActiveCfg = Debug|Any CPU
		{C3EC5D3D-8933-4406-BE27-CC093726A1A0}.Debug|Any CPU.Build.0 = Debug|Any CPU
		{C3EC5D3D-8933-4406-BE27-CC093726A1A0}.Release|Any CPU.ActiveCfg = Release|Any CPU
		{C3EC5D3D-8933-4406-BE27-CC093726A1A0}.Release|Any CPU.Build.0 = Release|Any CPU
		{55402F6B-B306-4E16-95A9-3A4B2AED7FC2}.Debug|Any CPU.ActiveCfg = Debug|Any CPU
		{55402F6B-B306-4E16-95A9-3A4B2AED7FC2}.Debug|Any CPU.Build.0 = Debug|Any CPU
		{55402F6B-B306-4E16-95A9-3A4B2AED7FC2}.Release|Any CPU.ActiveCfg = Release|Any CPU
		{55402F6B-B306-4E16-95A9-3A4B2AED7FC2}.Release|Any CPU.Build.0 = Release|Any CPU
		{2A950F50-6E74-4345-8A4A-221D7549EE1F}.Debug|Any CPU.ActiveCfg = Debug|Any CPU
		{2A950F50-6E74-4345-8A4A-221D7549EE1F}.Debug|Any CPU.Build.0 = Debug|Any CPU
		{2A950F50-6E74-4345-8A4A-221D7549EE1F}.Release|Any CPU.ActiveCfg = Release|Any CPU
		{2A950F50-6E74-4345-8A4A-221D7549EE1F}.Release|Any CPU.Build.0 = Release|Any CPU
	EndGlobalSection
	GlobalSection(SolutionProperties) = preSolution
		HideSolutionNode = FALSE
	EndGlobalSection
	GlobalSection(ExtensibilityGlobals) = postSolution
		SolutionGuid = {5486510D-4C22-4B19-8A33-8A15AEF6BE5B}
	EndGlobalSection
EndGlobal
